
Microsoft Visual Studio Solution File, Format Version 12.00
Project("{FAE04EC0-301F-11D3-BF4B-00C04F79EFBC}") = "nowasymzycia", "nowasymzycia\nowasymzycia.csproj", "{89B76107-2BB7-452D-A88C-ECE0665A8D09}"
EndProject
Global
	GlobalSection(SolutionConfigurationPlatforms) = preSolution
		Debug|Any CPU = Debug|Any CPU
		Release|Any CPU = Release|Any CPU
	EndGlobalSection
	GlobalSection(ProjectConfigurationPlatforms) = postSolution
		{89B76107-2BB7-452D-A88C-ECE0665A8D09}.Debug|Any CPU.ActiveCfg = Debug|Any CPU
		{89B76107-2BB7-452D-A88C-ECE0665A8D09}.Debug|Any CPU.Build.0 = Debug|Any CPU
		{89B76107-2BB7-452D-A88C-ECE0665A8D09}.Release|Any CPU.ActiveCfg = Release|Any CPU
		{89B76107-2BB7-452D-A88C-ECE0665A8D09}.Release|Any CPU.Build.0 = Release|Any CPU
	EndGlobalSection
EndGlobal
